
Microsoft Visual Studio Solution File, Format Version 12.00
Project("{FAE04EC0-301F-11D3-BF4B-00C04F79EFBC}") = "day9", "day9\day9.csproj", "{871BF3BD-0F52-437D-B4AC-F4EB3EA7E3C4}"
EndProject
Global
	GlobalSection(SolutionConfigurationPlatforms) = preSolution
		Debug|Any CPU = Debug|Any CPU
		Release|Any CPU = Release|Any CPU
	EndGlobalSection
	GlobalSection(ProjectConfigurationPlatforms) = postSolution
		{871BF3BD-0F52-437D-B4AC-F4EB3EA7E3C4}.Debug|Any CPU.ActiveCfg = Debug|Any CPU
		{871BF3BD-0F52-437D-B4AC-F4EB3EA7E3C4}.Debug|Any CPU.Build.0 = Debug|Any CPU
		{871BF3BD-0F52-437D-B4AC-F4EB3EA7E3C4}.Release|Any CPU.ActiveCfg = Release|Any CPU
		{871BF3BD-0F52-437D-B4AC-F4EB3EA7E3C4}.Release|Any CPU.Build.0 = Release|Any CPU
	EndGlobalSection
EndGlobal
