
Microsoft Visual Studio Solution File, Format Version 12.00
Project("{FAE04EC0-301F-11D3-BF4B-00C04F79EFBC}") = "day7", "day7\day7.csproj", "{E4193ED0-1929-4B05-849D-A7C3AFE5403E}"
EndProject
Global
	GlobalSection(SolutionConfigurationPlatforms) = preSolution
		Debug|Any CPU = Debug|Any CPU
		Release|Any CPU = Release|Any CPU
	EndGlobalSection
	GlobalSection(ProjectConfigurationPlatforms) = postSolution
		{E4193ED0-1929-4B05-849D-A7C3AFE5403E}.Debug|Any CPU.ActiveCfg = Debug|Any CPU
		{E4193ED0-1929-4B05-849D-A7C3AFE5403E}.Debug|Any CPU.Build.0 = Debug|Any CPU
		{E4193ED0-1929-4B05-849D-A7C3AFE5403E}.Release|Any CPU.ActiveCfg = Release|Any CPU
		{E4193ED0-1929-4B05-849D-A7C3AFE5403E}.Release|Any CPU.Build.0 = Release|Any CPU
	EndGlobalSection
EndGlobal
